{
    "version": 3,
    "terraform_version": "0.12.31",
    "serial": 1,
    "lineage": "c70e9904-77f4-87af-b9fc-16a392047452",
    "modules": [
        {
            "path": [
                "root"
            ],
            "outputs": {
                "aws_acm_certificate_tfer--149278b9-28cf-44a2-9657-90344766365c_jpheymann-002E-com_id": {
                    "sensitive": false,
                    "type": "string",
                    "value": "arn:aws:acm:us-east-1:329599633980:certificate/149278b9-28cf-44a2-9657-90344766365c"
                }
            },
            "resources": {
                "aws_acm_certificate.tfer--149278b9-28cf-44a2-9657-90344766365c_jpheymann-002E-com": {
                    "type": "aws_acm_certificate",
                    "depends_on": [],
                    "primary": {
                        "id": "arn:aws:acm:us-east-1:329599633980:certificate/149278b9-28cf-44a2-9657-90344766365c",
                        "attributes": {
                            "arn": "arn:aws:acm:us-east-1:329599633980:certificate/149278b9-28cf-44a2-9657-90344766365c",
                            "certificate_authority_arn": "",
                            "domain_name": "jpheymann.com",
                            "domain_validation_options.#": "2",
                            "domain_validation_options.0.domain_name": "*.jpheymann.com",
                            "domain_validation_options.0.resource_record_name": "_8321e49a2bc104d624d1c47e8cc2e15a.jpheymann.com.",
                            "domain_validation_options.0.resource_record_type": "CNAME",
                            "domain_validation_options.0.resource_record_value": "_a1d9e6b9c4d3cac343d832eea124ce33.djqtsrsxkq.acm-validations.aws.",
                            "domain_validation_options.1.domain_name": "jpheymann.com",
                            "domain_validation_options.1.resource_record_name": "_8321e49a2bc104d624d1c47e8cc2e15a.jpheymann.com.",
                            "domain_validation_options.1.resource_record_type": "CNAME",
                            "domain_validation_options.1.resource_record_value": "_a1d9e6b9c4d3cac343d832eea124ce33.djqtsrsxkq.acm-validations.aws.",
                            "early_renewal_duration": "",
                            "id": "arn:aws:acm:us-east-1:329599633980:certificate/149278b9-28cf-44a2-9657-90344766365c",
                            "key_algorithm": "RSA_2048",
                            "not_after": "2025-10-26T23:59:59Z",
                            "not_before": "2024-09-26T00:00:00Z",
                            "options.#": "1",
                            "options.0.certificate_transparency_logging_preference": "ENABLED",
                            "pending_renewal": "false",
                            "renewal_eligibility": "ELIGIBLE",
                            "renewal_summary.#": "0",
                            "status": "ISSUED",
                            "subject_alternative_names.#": "2",
                            "subject_alternative_names.0": "*.jpheymann.com",
                            "subject_alternative_names.1": "jpheymann.com",
                            "tags.%": "0",
                            "tags_all.%": "0",
                            "type": "AMAZON_ISSUED",
                            "validation_emails.#": "0",
                            "validation_method": "DNS"
                        },
                        "meta": {
                            "schema_version": 0
                        },
                        "tainted": false
                    },
                    "deposed": [],
                    "provider": "provider.aws"
                }
            },
            "depends_on": []
        }
    ]
}
