{
    "version": 3,
    "terraform_version": "0.12.31",
    "serial": 1,
    "lineage": "e7b6d990-a3ff-12d1-8274-1069379e6f1a",
    "modules": [
        {
            "path": [
                "root"
            ],
            "outputs": {
                "aws_s3_bucket_policy_tfer--jpheymannweb_id": {
                    "sensitive": false,
                    "type": "string",
                    "value": "jpheymannweb"
                },
                "aws_s3_bucket_tfer--jpheymannweb_id": {
                    "sensitive": false,
                    "type": "string",
                    "value": "jpheymannweb"
                }
            },
            "resources": {
                "aws_s3_bucket.tfer--jpheymannweb": {
                    "type": "aws_s3_bucket",
                    "depends_on": [],
                    "primary": {
                        "id": "jpheymannweb",
                        "attributes": {
                            "acceleration_status": "",
                            "acl": "private",
                            "arn": "arn:aws:s3:::jpheymannweb",
                            "bucket": "jpheymannweb",
                            "bucket_domain_name": "jpheymannweb.s3.amazonaws.com",
                            "bucket_prefix": "",
                            "bucket_regional_domain_name": "jpheymannweb.s3.amazonaws.com",
                            "cors_rule.#": "0",
                            "force_destroy": "false",
                            "grant.#": "1",
                            "grant.0.id": "d37331fd83a66230509899794c32ffa173a91098698c574da5b1c0e5137da372",
                            "grant.0.permissions.#": "1",
                            "grant.0.permissions.0": "FULL_CONTROL",
                            "grant.0.type": "CanonicalUser",
                            "grant.0.uri": "",
                            "hosted_zone_id": "Z3AQBSTGFYJSTF",
                            "id": "jpheymannweb",
                            "lifecycle_rule.#": "0",
                            "logging.#": "0",
                            "object_lock_configuration.#": "0",
                            "object_lock_enabled": "false",
                            "policy": "{\"Version\":\"2008-10-17\",\"Id\":\"PolicyForCloudFrontPrivateContent\",\"Statement\":[{\"Sid\":\"AllowCloudFrontServicePrincipal\",\"Effect\":\"Allow\",\"Principal\":{\"Service\":\"cloudfront.amazonaws.com\"},\"Action\":\"s3:GetObject\",\"Resource\":\"arn:aws:s3:::jpheymannweb/*\",\"Condition\":{\"StringEquals\":{\"AWS:SourceArn\":\"arn:aws:cloudfront::329599633980:distribution/E2QAT2VZ0RDLHY\"}}}]}",
                            "region": "us-east-1",
                            "replication_configuration.#": "0",
                            "request_payer": "BucketOwner",
                            "server_side_encryption_configuration.#": "1",
                            "server_side_encryption_configuration.0.rule.#": "1",
                            "server_side_encryption_configuration.0.rule.0.apply_server_side_encryption_by_default.#": "1",
                            "server_side_encryption_configuration.0.rule.0.apply_server_side_encryption_by_default.0.kms_master_key_id": "",
                            "server_side_encryption_configuration.0.rule.0.apply_server_side_encryption_by_default.0.sse_algorithm": "AES256",
                            "server_side_encryption_configuration.0.rule.0.bucket_key_enabled": "true",
                            "tags.%": "0",
                            "tags_all.%": "0",
                            "versioning.#": "1",
                            "versioning.0.enabled": "true",
                            "versioning.0.mfa_delete": "false",
                            "website.#": "0"
                        },
                        "meta": {
                            "schema_version": 0
                        },
                        "tainted": false
                    },
                    "deposed": [],
                    "provider": "provider.aws"
                },
                "aws_s3_bucket_policy.tfer--jpheymannweb": {
                    "type": "aws_s3_bucket_policy",
                    "depends_on": [],
                    "primary": {
                        "id": "jpheymannweb",
                        "attributes": {
                            "bucket": "jpheymannweb",
                            "id": "jpheymannweb",
                            "policy": "{\"Id\":\"PolicyForCloudFrontPrivateContent\",\"Statement\":[{\"Action\":\"s3:GetObject\",\"Condition\":{\"StringEquals\":{\"AWS:SourceArn\":\"arn:aws:cloudfront::329599633980:distribution/E2QAT2VZ0RDLHY\"}},\"Effect\":\"Allow\",\"Principal\":{\"Service\":\"cloudfront.amazonaws.com\"},\"Resource\":\"arn:aws:s3:::jpheymannweb/*\",\"Sid\":\"AllowCloudFrontServicePrincipal\"}],\"Version\":\"2008-10-17\"}"
                        },
                        "meta": {
                            "schema_version": 0
                        },
                        "tainted": false
                    },
                    "deposed": [],
                    "provider": "provider.aws"
                }
            },
            "depends_on": []
        }
    ]
}
