{
    "version": 3,
    "terraform_version": "0.12.31",
    "serial": 1,
    "lineage": "4e9449e9-4413-69f5-8f51-1faba2b869a4",
    "modules": [
        {
            "path": [
                "root"
            ],
            "outputs": {
                "aws_lambda_function_tfer--IncrementWebsiteViewCount_id": {
                    "sensitive": false,
                    "type": "string",
                    "value": "arn:aws:lambda:us-east-1:329599633980:function:IncrementWebsiteViewCount"
                },
                "aws_lambda_permission_tfer--4f60fcc9-cd93-59b4-8bd3-72143783feb4_id": {
                    "sensitive": false,
                    "type": "string",
                    "value": "4f60fcc9-cd93-59b4-8bd3-72143783feb4"
                }
            },
            "resources": {
                "aws_lambda_function.tfer--IncrementWebsiteViewCount": {
                    "type": "aws_lambda_function",
                    "depends_on": [],
                    "primary": {
                        "id": "arn:aws:lambda:us-east-1:329599633980:function:IncrementWebsiteViewCount",
                        "attributes": {
                            "architectures.#": "1",
                            "architectures.0": "x86_64",
                            "arn": "arn:aws:lambda:us-east-1:329599633980:function:IncrementWebsiteViewCount",
                            "code_signing_config_arn": "",
                            "dead_letter_config.#": "0",
                            "description": "",
                            "environment.#": "0",
                            "ephemeral_storage.#": "1",
                            "ephemeral_storage.0.size": "512",
                            "file_system_config.#": "0",
                            "function_name": "IncrementWebsiteViewCount",
                            "handler": "lambda_function.lambda_handler",
                            "id": "arn:aws:lambda:us-east-1:329599633980:function:IncrementWebsiteViewCount",
                            "image_config.#": "0",
                            "image_uri": "",
                            "invoke_arn": "arn:aws:apigateway:us-east-1:lambda:path/2015-03-31/functions/arn:aws:lambda:us-east-1:329599633980:function:IncrementWebsiteViewCount/invocations",
                            "kms_key_arn": "",
                            "last_modified": "2024-09-26T07:00:21.000+0000",
                            "layers.#": "0",
                            "memory_size": "128",
                            "package_type": "Zip",
                            "qualified_arn": "arn:aws:lambda:us-east-1:329599633980:function:IncrementWebsiteViewCount:$LATEST",
                            "qualified_invoke_arn": "arn:aws:apigateway:us-east-1:lambda:path/2015-03-31/functions/arn:aws:lambda:us-east-1:329599633980:function:IncrementWebsiteViewCount:$LATEST/invocations",
                            "reserved_concurrent_executions": "-1",
                            "role": "arn:aws:iam::329599633980:role/service-role/IncrementWebsiteViewCount-role-lmv5hj6w",
                            "runtime": "python3.12",
                            "signing_job_arn": "",
                            "signing_profile_version_arn": "",
                            "skip_destroy": "false",
                            "snap_start.#": "0",
                            "source_code_hash": "HJw+kA1cLzwyQybTdamxg5UlePbDXGCfJz7BNkSMNIc=",
                            "source_code_size": "337",
                            "tags.%": "0",
                            "tags_all.%": "0",
                            "timeout": "3",
                            "tracing_config.#": "1",
                            "tracing_config.0.mode": "PassThrough",
                            "version": "$LATEST",
                            "vpc_config.#": "0"
                        },
                        "meta": {
                            "schema_version": 0
                        },
                        "tainted": false
                    },
                    "deposed": [],
                    "provider": "provider.aws"
                },
                "aws_lambda_permission.tfer--4f60fcc9-cd93-59b4-8bd3-72143783feb4": {
                    "type": "aws_lambda_permission",
                    "depends_on": [],
                    "primary": {
                        "id": "4f60fcc9-cd93-59b4-8bd3-72143783feb4",
                        "attributes": {
                            "action": "lambda:InvokeFunction",
                            "function_name": "arn:aws:lambda:us-east-1:329599633980:function:IncrementWebsiteViewCount",
                            "id": "4f60fcc9-cd93-59b4-8bd3-72143783feb4",
                            "principal": "apigateway.amazonaws.com",
                            "qualifier": "",
                            "source_arn": "arn:aws:execute-api:us-east-1:329599633980:oqk7dmd9p0/*/GET/",
                            "statement_id": "4f60fcc9-cd93-59b4-8bd3-72143783feb4",
                            "statement_id_prefix": ""
                        },
                        "meta": {
                            "schema_version": 0
                        },
                        "tainted": false
                    },
                    "deposed": [],
                    "provider": "provider.aws"
                }
            },
            "depends_on": []
        }
    ]
}
