{
    "version": 3,
    "terraform_version": "0.12.31",
    "serial": 1,
    "lineage": "bbf85196-bafc-bfe8-d06c-32753399c16c",
    "modules": [
        {
            "path": [
                "root"
            ],
            "outputs": {
                "aws_dynamodb_table_tfer--WebsiteViewCounter_id": {
                    "sensitive": false,
                    "type": "string",
                    "value": "WebsiteViewCounter"
                }
            },
            "resources": {
                "aws_dynamodb_table.tfer--WebsiteViewCounter": {
                    "type": "aws_dynamodb_table",
                    "depends_on": [],
                    "primary": {
                        "id": "WebsiteViewCounter",
                        "attributes": {
                            "arn": "arn:aws:dynamodb:us-east-1:329599633980:table/WebsiteViewCounter",
                            "attribute.#": "1",
                            "attribute.0.name": "ID",
                            "attribute.0.type": "S",
                            "billing_mode": "PROVISIONED",
                            "deletion_protection_enabled": "false",
                            "global_secondary_index.#": "0",
                            "hash_key": "ID",
                            "id": "WebsiteViewCounter",
                            "local_secondary_index.#": "0",
                            "name": "WebsiteViewCounter",
                            "point_in_time_recovery.#": "1",
                            "point_in_time_recovery.0.enabled": "false",
                            "read_capacity": "1",
                            "replica.#": "0",
                            "server_side_encryption.#": "0",
                            "stream_arn": "",
                            "stream_enabled": "false",
                            "stream_label": "",
                            "stream_view_type": "",
                            "table_class": "STANDARD",
                            "tags.%": "0",
                            "tags_all.%": "0",
                            "ttl.#": "1",
                            "ttl.0.attribute_name": "",
                            "ttl.0.enabled": "false",
                            "write_capacity": "1"
                        },
                        "meta": {
                            "schema_version": 1
                        },
                        "tainted": false
                    },
                    "deposed": [],
                    "provider": "provider.aws"
                }
            },
            "depends_on": []
        }
    ]
}
