{
    "version": 3,
    "terraform_version": "0.12.31",
    "serial": 1,
    "lineage": "dfccd595-8973-7f17-ff3c-bd448af8f99c",
    "modules": [
        {
            "path": [
                "root"
            ],
            "outputs": {
                "aws_api_gateway_gateway_response_tfer--oqk7dmd9p0-002F-DEFAULT_4XX_id": {
                    "sensitive": false,
                    "type": "string",
                    "value": "oqk7dmd9p0/DEFAULT_4XX"
                },
                "aws_api_gateway_gateway_response_tfer--oqk7dmd9p0-002F-DEFAULT_5XX_id": {
                    "sensitive": false,
                    "type": "string",
                    "value": "oqk7dmd9p0/DEFAULT_5XX"
                },
                "aws_api_gateway_integration_response_tfer--oqk7dmd9p0-002F-mad144bnq2-002F-GET-002F-200_id": {
                    "sensitive": false,
                    "type": "string",
                    "value": "oqk7dmd9p0/mad144bnq2/GET/200"
                },
                "aws_api_gateway_integration_response_tfer--oqk7dmd9p0-002F-mad144bnq2-002F-OPTIONS-002F-200_id": {
                    "sensitive": false,
                    "type": "string",
                    "value": "oqk7dmd9p0/mad144bnq2/OPTIONS/200"
                },
                "aws_api_gateway_integration_tfer--oqk7dmd9p0-002F-mad144bnq2-002F-GET_id": {
                    "sensitive": false,
                    "type": "string",
                    "value": "oqk7dmd9p0/mad144bnq2/GET"
                },
                "aws_api_gateway_integration_tfer--oqk7dmd9p0-002F-mad144bnq2-002F-OPTIONS_id": {
                    "sensitive": false,
                    "type": "string",
                    "value": "oqk7dmd9p0/mad144bnq2/OPTIONS"
                },
                "aws_api_gateway_method_response_tfer--oqk7dmd9p0-002F-mad144bnq2-002F-GET-002F-200_id": {
                    "sensitive": false,
                    "type": "string",
                    "value": "oqk7dmd9p0/mad144bnq2/GET/200"
                },
                "aws_api_gateway_method_response_tfer--oqk7dmd9p0-002F-mad144bnq2-002F-OPTIONS-002F-200_id": {
                    "sensitive": false,
                    "type": "string",
                    "value": "oqk7dmd9p0/mad144bnq2/OPTIONS/200"
                },
                "aws_api_gateway_method_tfer--oqk7dmd9p0-002F-mad144bnq2-002F-GET_id": {
                    "sensitive": false,
                    "type": "string",
                    "value": "oqk7dmd9p0/mad144bnq2/GET"
                },
                "aws_api_gateway_method_tfer--oqk7dmd9p0-002F-mad144bnq2-002F-OPTIONS_id": {
                    "sensitive": false,
                    "type": "string",
                    "value": "oqk7dmd9p0/mad144bnq2/OPTIONS"
                },
                "aws_api_gateway_model_tfer--2q41r3_id": {
                    "sensitive": false,
                    "type": "string",
                    "value": "2q41r3"
                },
                "aws_api_gateway_model_tfer--xwjbqn_id": {
                    "sensitive": false,
                    "type": "string",
                    "value": "xwjbqn"
                },
                "aws_api_gateway_resource_tfer--mad144bnq2_id": {
                    "sensitive": false,
                    "type": "string",
                    "value": "mad144bnq2"
                },
                "aws_api_gateway_rest_api_tfer--oqk7dmd9p0_WebsiteViewCounterAPI_id": {
                    "sensitive": false,
                    "type": "string",
                    "value": "oqk7dmd9p0"
                },
                "aws_api_gateway_stage_tfer--oqk7dmd9p0-002F-Test_id": {
                    "sensitive": false,
                    "type": "string",
                    "value": "oqk7dmd9p0/Test"
                }
            },
            "resources": {
                "aws_api_gateway_gateway_response.tfer--oqk7dmd9p0-002F-DEFAULT_4XX": {
                    "type": "aws_api_gateway_gateway_response",
                    "depends_on": [],
                    "primary": {
                        "id": "oqk7dmd9p0/DEFAULT_4XX",
                        "attributes": {
                            "id": "oqk7dmd9p0/DEFAULT_4XX",
                            "response_parameters.%": "3",
                            "response_parameters.gatewayresponse.header.Access-Control-Allow-Headers": "'Content-Type,X-Amz-Date,Authorization,X-Api-Key,X-Amz-Security-Token'",
                            "response_parameters.gatewayresponse.header.Access-Control-Allow-Methods": "'GET,OPTIONS'",
                            "response_parameters.gatewayresponse.header.Access-Control-Allow-Origin": "'*'",
                            "response_templates.%": "1",
                            "response_templates.application/json": "{\"message\":$context.error.messageString}",
                            "response_type": "DEFAULT_4XX",
                            "rest_api_id": "oqk7dmd9p0",
                            "status_code": ""
                        },
                        "meta": {
                            "schema_version": 0
                        },
                        "tainted": false
                    },
                    "deposed": [],
                    "provider": "provider.aws"
                },
                "aws_api_gateway_gateway_response.tfer--oqk7dmd9p0-002F-DEFAULT_5XX": {
                    "type": "aws_api_gateway_gateway_response",
                    "depends_on": [],
                    "primary": {
                        "id": "oqk7dmd9p0/DEFAULT_5XX",
                        "attributes": {
                            "id": "oqk7dmd9p0/DEFAULT_5XX",
                            "response_parameters.%": "3",
                            "response_parameters.gatewayresponse.header.Access-Control-Allow-Headers": "'Content-Type,X-Amz-Date,Authorization,X-Api-Key,X-Amz-Security-Token'",
                            "response_parameters.gatewayresponse.header.Access-Control-Allow-Methods": "'GET,OPTIONS'",
                            "response_parameters.gatewayresponse.header.Access-Control-Allow-Origin": "'*'",
                            "response_templates.%": "1",
                            "response_templates.application/json": "{\"message\":$context.error.messageString}",
                            "response_type": "DEFAULT_5XX",
                            "rest_api_id": "oqk7dmd9p0",
                            "status_code": ""
                        },
                        "meta": {
                            "schema_version": 0
                        },
                        "tainted": false
                    },
                    "deposed": [],
                    "provider": "provider.aws"
                },
                "aws_api_gateway_integration.tfer--oqk7dmd9p0-002F-mad144bnq2-002F-GET": {
                    "type": "aws_api_gateway_integration",
                    "depends_on": [],
                    "primary": {
                        "id": "oqk7dmd9p0/mad144bnq2/GET",
                        "attributes": {
                            "cache_key_parameters.#": "0",
                            "cache_namespace": "mad144bnq2",
                            "connection_id": "",
                            "connection_type": "INTERNET",
                            "content_handling": "CONVERT_TO_TEXT",
                            "credentials": "",
                            "http_method": "GET",
                            "id": "oqk7dmd9p0/mad144bnq2/GET",
                            "integration_http_method": "POST",
                            "passthrough_behavior": "WHEN_NO_MATCH",
                            "request_parameters.%": "0",
                            "request_templates.%": "0",
                            "resource_id": "mad144bnq2",
                            "rest_api_id": "oqk7dmd9p0",
                            "timeout_milliseconds": "29000",
                            "tls_config.#": "0",
                            "type": "AWS",
                            "uri": "arn:aws:apigateway:us-east-1:lambda:path/2015-03-31/functions/arn:aws:lambda:us-east-1:329599633980:function:IncrementWebsiteViewCount/invocations"
                        },
                        "meta": {
                            "schema_version": 0
                        },
                        "tainted": false
                    },
                    "deposed": [],
                    "provider": "provider.aws"
                },
                "aws_api_gateway_integration.tfer--oqk7dmd9p0-002F-mad144bnq2-002F-OPTIONS": {
                    "type": "aws_api_gateway_integration",
                    "depends_on": [],
                    "primary": {
                        "id": "oqk7dmd9p0/mad144bnq2/OPTIONS",
                        "attributes": {
                            "cache_key_parameters.#": "0",
                            "cache_namespace": "mad144bnq2",
                            "connection_id": "",
                            "connection_type": "INTERNET",
                            "content_handling": "",
                            "credentials": "",
                            "http_method": "OPTIONS",
                            "id": "oqk7dmd9p0/mad144bnq2/OPTIONS",
                            "integration_http_method": "",
                            "passthrough_behavior": "WHEN_NO_MATCH",
                            "request_parameters.%": "0",
                            "request_templates.%": "1",
                            "request_templates.application/json": "{\"statusCode\": 200}",
                            "resource_id": "mad144bnq2",
                            "rest_api_id": "oqk7dmd9p0",
                            "timeout_milliseconds": "29000",
                            "tls_config.#": "0",
                            "type": "MOCK",
                            "uri": ""
                        },
                        "meta": {
                            "schema_version": 0
                        },
                        "tainted": false
                    },
                    "deposed": [],
                    "provider": "provider.aws"
                },
                "aws_api_gateway_integration_response.tfer--oqk7dmd9p0-002F-mad144bnq2-002F-GET-002F-200": {
                    "type": "aws_api_gateway_integration_response",
                    "depends_on": [],
                    "primary": {
                        "id": "oqk7dmd9p0/mad144bnq2/GET/200",
                        "attributes": {
                            "content_handling": "",
                            "http_method": "GET",
                            "id": "oqk7dmd9p0/mad144bnq2/GET/200",
                            "resource_id": "mad144bnq2",
                            "response_parameters.%": "1",
                            "response_parameters.method.response.header.Access-Control-Allow-Origin": "'*'",
                            "response_templates.%": "1",
                            "response_templates.application/json": "",
                            "rest_api_id": "oqk7dmd9p0",
                            "selection_pattern": "",
                            "status_code": "200"
                        },
                        "meta": {
                            "schema_version": 0
                        },
                        "tainted": false
                    },
                    "deposed": [],
                    "provider": "provider.aws"
                },
                "aws_api_gateway_integration_response.tfer--oqk7dmd9p0-002F-mad144bnq2-002F-OPTIONS-002F-200": {
                    "type": "aws_api_gateway_integration_response",
                    "depends_on": [],
                    "primary": {
                        "id": "oqk7dmd9p0/mad144bnq2/OPTIONS/200",
                        "attributes": {
                            "content_handling": "",
                            "http_method": "OPTIONS",
                            "id": "oqk7dmd9p0/mad144bnq2/OPTIONS/200",
                            "resource_id": "mad144bnq2",
                            "response_parameters.%": "3",
                            "response_parameters.method.response.header.Access-Control-Allow-Headers": "'Content-Type,X-Amz-Date,Authorization,X-Api-Key,X-Amz-Security-Token'",
                            "response_parameters.method.response.header.Access-Control-Allow-Methods": "'GET,OPTIONS'",
                            "response_parameters.method.response.header.Access-Control-Allow-Origin": "'*'",
                            "response_templates.%": "0",
                            "rest_api_id": "oqk7dmd9p0",
                            "selection_pattern": "",
                            "status_code": "200"
                        },
                        "meta": {
                            "schema_version": 0
                        },
                        "tainted": false
                    },
                    "deposed": [],
                    "provider": "provider.aws"
                },
                "aws_api_gateway_method.tfer--oqk7dmd9p0-002F-mad144bnq2-002F-GET": {
                    "type": "aws_api_gateway_method",
                    "depends_on": [],
                    "primary": {
                        "id": "oqk7dmd9p0/mad144bnq2/GET",
                        "attributes": {
                            "api_key_required": "false",
                            "authorization": "NONE",
                            "authorization_scopes.#": "0",
                            "authorizer_id": "",
                            "http_method": "GET",
                            "id": "oqk7dmd9p0/mad144bnq2/GET",
                            "operation_name": "",
                            "request_models.%": "0",
                            "request_parameters.%": "0",
                            "request_validator_id": "",
                            "resource_id": "mad144bnq2",
                            "rest_api_id": "oqk7dmd9p0"
                        },
                        "meta": {
                            "schema_version": 0
                        },
                        "tainted": false
                    },
                    "deposed": [],
                    "provider": "provider.aws"
                },
                "aws_api_gateway_method.tfer--oqk7dmd9p0-002F-mad144bnq2-002F-OPTIONS": {
                    "type": "aws_api_gateway_method",
                    "depends_on": [],
                    "primary": {
                        "id": "oqk7dmd9p0/mad144bnq2/OPTIONS",
                        "attributes": {
                            "api_key_required": "false",
                            "authorization": "NONE",
                            "authorization_scopes.#": "0",
                            "authorizer_id": "",
                            "http_method": "OPTIONS",
                            "id": "oqk7dmd9p0/mad144bnq2/OPTIONS",
                            "operation_name": "",
                            "request_models.%": "0",
                            "request_parameters.%": "0",
                            "request_validator_id": "",
                            "resource_id": "mad144bnq2",
                            "rest_api_id": "oqk7dmd9p0"
                        },
                        "meta": {
                            "schema_version": 0
                        },
                        "tainted": false
                    },
                    "deposed": [],
                    "provider": "provider.aws"
                },
                "aws_api_gateway_method_response.tfer--oqk7dmd9p0-002F-mad144bnq2-002F-GET-002F-200": {
                    "type": "aws_api_gateway_method_response",
                    "depends_on": [],
                    "primary": {
                        "id": "oqk7dmd9p0/mad144bnq2/GET/200",
                        "attributes": {
                            "http_method": "GET",
                            "id": "oqk7dmd9p0/mad144bnq2/GET/200",
                            "resource_id": "mad144bnq2",
                            "response_models.%": "1",
                            "response_models.application/json": "Empty",
                            "response_parameters.%": "1",
                            "response_parameters.method.response.header.Access-Control-Allow-Origin": "false",
                            "rest_api_id": "oqk7dmd9p0",
                            "status_code": "200"
                        },
                        "meta": {
                            "schema_version": 0
                        },
                        "tainted": false
                    },
                    "deposed": [],
                    "provider": "provider.aws"
                },
                "aws_api_gateway_method_response.tfer--oqk7dmd9p0-002F-mad144bnq2-002F-OPTIONS-002F-200": {
                    "type": "aws_api_gateway_method_response",
                    "depends_on": [],
                    "primary": {
                        "id": "oqk7dmd9p0/mad144bnq2/OPTIONS/200",
                        "attributes": {
                            "http_method": "OPTIONS",
                            "id": "oqk7dmd9p0/mad144bnq2/OPTIONS/200",
                            "resource_id": "mad144bnq2",
                            "response_models.%": "1",
                            "response_models.application/json": "Empty",
                            "response_parameters.%": "3",
                            "response_parameters.method.response.header.Access-Control-Allow-Headers": "false",
                            "response_parameters.method.response.header.Access-Control-Allow-Methods": "false",
                            "response_parameters.method.response.header.Access-Control-Allow-Origin": "false",
                            "rest_api_id": "oqk7dmd9p0",
                            "status_code": "200"
                        },
                        "meta": {
                            "schema_version": 0
                        },
                        "tainted": false
                    },
                    "deposed": [],
                    "provider": "provider.aws"
                },
                "aws_api_gateway_model.tfer--2q41r3": {
                    "type": "aws_api_gateway_model",
                    "depends_on": [],
                    "primary": {
                        "id": "2q41r3",
                        "attributes": {
                            "content_type": "application/json",
                            "description": "This is a default error schema model",
                            "id": "2q41r3",
                            "name": "Error",
                            "rest_api_id": "oqk7dmd9p0",
                            "schema": "{\n  \"$schema\" : \"http://json-schema.org/draft-04/schema#\",\n  \"title\" : \"Error Schema\",\n  \"type\" : \"object\",\n  \"properties\" : {\n    \"message\" : { \"type\" : \"string\" }\n  }\n}"
                        },
                        "meta": {
                            "schema_version": 0
                        },
                        "tainted": false
                    },
                    "deposed": [],
                    "provider": "provider.aws"
                },
                "aws_api_gateway_model.tfer--xwjbqn": {
                    "type": "aws_api_gateway_model",
                    "depends_on": [],
                    "primary": {
                        "id": "xwjbqn",
                        "attributes": {
                            "content_type": "application/json",
                            "description": "This is a default empty schema model",
                            "id": "xwjbqn",
                            "name": "Empty",
                            "rest_api_id": "oqk7dmd9p0",
                            "schema": "{\n  \"$schema\": \"http://json-schema.org/draft-04/schema#\",\n  \"title\" : \"Empty Schema\",\n  \"type\" : \"object\"\n}"
                        },
                        "meta": {
                            "schema_version": 0
                        },
                        "tainted": false
                    },
                    "deposed": [],
                    "provider": "provider.aws"
                },
                "aws_api_gateway_resource.tfer--mad144bnq2": {
                    "type": "aws_api_gateway_resource",
                    "depends_on": [],
                    "primary": {
                        "id": "mad144bnq2",
                        "attributes": {
                            "id": "mad144bnq2",
                            "parent_id": "",
                            "path": "/",
                            "path_part": "",
                            "rest_api_id": "oqk7dmd9p0"
                        },
                        "meta": {
                            "schema_version": 0
                        },
                        "tainted": false
                    },
                    "deposed": [],
                    "provider": "provider.aws"
                },
                "aws_api_gateway_rest_api.tfer--oqk7dmd9p0_WebsiteViewCounterAPI": {
                    "type": "aws_api_gateway_rest_api",
                    "depends_on": [],
                    "primary": {
                        "id": "oqk7dmd9p0",
                        "attributes": {
                            "api_key_source": "HEADER",
                            "arn": "arn:aws:apigateway:us-east-1::/restapis/oqk7dmd9p0",
                            "binary_media_types.#": "0",
                            "created_date": "2024-09-26T15:42:08Z",
                            "description": "",
                            "disable_execute_api_endpoint": "false",
                            "endpoint_configuration.#": "1",
                            "endpoint_configuration.0.types.#": "1",
                            "endpoint_configuration.0.types.0": "REGIONAL",
                            "endpoint_configuration.0.vpc_endpoint_ids.#": "0",
                            "execution_arn": "arn:aws:execute-api:us-east-1:329599633980:oqk7dmd9p0",
                            "id": "oqk7dmd9p0",
                            "minimum_compression_size": "-1",
                            "name": "WebsiteViewCounterAPI",
                            "policy": "",
                            "root_resource_id": "mad144bnq2",
                            "tags.%": "0",
                            "tags_all.%": "0"
                        },
                        "meta": {
                            "schema_version": 0
                        },
                        "tainted": false
                    },
                    "deposed": [],
                    "provider": "provider.aws"
                },
                "aws_api_gateway_stage.tfer--oqk7dmd9p0-002F-Test": {
                    "type": "aws_api_gateway_stage",
                    "depends_on": [],
                    "primary": {
                        "id": "oqk7dmd9p0/Test",
                        "attributes": {
                            "access_log_settings.#": "0",
                            "arn": "arn:aws:apigateway:us-east-1::/restapis/oqk7dmd9p0/stages/Test",
                            "cache_cluster_enabled": "false",
                            "cache_cluster_size": "",
                            "canary_settings.#": "0",
                            "client_certificate_id": "",
                            "deployment_id": "vox379",
                            "description": "",
                            "documentation_version": "",
                            "execution_arn": "arn:aws:execute-api:us-east-1:329599633980:oqk7dmd9p0/Test",
                            "id": "oqk7dmd9p0/Test",
                            "invoke_url": "https://oqk7dmd9p0.execute-api.us-east-1.amazonaws.com/Test",
                            "rest_api_id": "oqk7dmd9p0",
                            "stage_name": "Test",
                            "tags.%": "0",
                            "tags_all.%": "0",
                            "variables.%": "0",
                            "web_acl_arn": "",
                            "xray_tracing_enabled": "false"
                        },
                        "meta": {
                            "schema_version": 0
                        },
                        "tainted": false
                    },
                    "deposed": [],
                    "provider": "provider.aws"
                }
            },
            "depends_on": []
        }
    ]
}
