{
    "version": 3,
    "terraform_version": "0.12.31",
    "serial": 1,
    "lineage": "19e86de4-2b01-b5b5-3290-32f2dfbe464a",
    "modules": [
        {
            "path": [
                "root"
            ],
            "outputs": {
                "aws_route53_record_tfer--Z07504443JVPXGFZGQJIF__8321e49a2bc104d624d1c47e8cc2e15a-002E-jpheymann-002E-com-002E-_CNAME__id": {
                    "sensitive": false,
                    "type": "string",
                    "value": "Z07504443JVPXGFZGQJIF__8321e49a2bc104d624d1c47e8cc2e15a.jpheymann.com._CNAME_"
                },
                "aws_route53_record_tfer--Z07504443JVPXGFZGQJIF_jpheymann-002E-com-002E-_A__id": {
                    "sensitive": false,
                    "type": "string",
                    "value": "Z07504443JVPXGFZGQJIF_jpheymann.com._A_"
                },
                "aws_route53_record_tfer--Z07504443JVPXGFZGQJIF_jpheymann-002E-com-002E-_NS__id": {
                    "sensitive": false,
                    "type": "string",
                    "value": "Z07504443JVPXGFZGQJIF_jpheymann.com._NS_"
                },
                "aws_route53_record_tfer--Z07504443JVPXGFZGQJIF_jpheymann-002E-com-002E-_SOA__id": {
                    "sensitive": false,
                    "type": "string",
                    "value": "Z07504443JVPXGFZGQJIF_jpheymann.com._SOA_"
                },
                "aws_route53_record_tfer--Z07504443JVPXGFZGQJIF_www-002E-jpheymann-002E-com-002E-_A__id": {
                    "sensitive": false,
                    "type": "string",
                    "value": "Z07504443JVPXGFZGQJIF_www.jpheymann.com._A_"
                },
                "aws_route53_zone_tfer--Z07504443JVPXGFZGQJIF_jpheymann-002E-com_id": {
                    "sensitive": false,
                    "type": "string",
                    "value": "Z07504443JVPXGFZGQJIF"
                }
            },
            "resources": {
                "aws_route53_record.tfer--Z07504443JVPXGFZGQJIF__8321e49a2bc104d624d1c47e8cc2e15a-002E-jpheymann-002E-com-002E-_CNAME_": {
                    "type": "aws_route53_record",
                    "depends_on": [],
                    "primary": {
                        "id": "Z07504443JVPXGFZGQJIF__8321e49a2bc104d624d1c47e8cc2e15a.jpheymann.com._CNAME_",
                        "attributes": {
                            "fqdn": "_8321e49a2bc104d624d1c47e8cc2e15a.jpheymann.com",
                            "health_check_id": "",
                            "id": "Z07504443JVPXGFZGQJIF__8321e49a2bc104d624d1c47e8cc2e15a.jpheymann.com._CNAME_",
                            "multivalue_answer_routing_policy": "false",
                            "name": "_8321e49a2bc104d624d1c47e8cc2e15a.jpheymann.com",
                            "records.#": "1",
                            "records.0": "_a1d9e6b9c4d3cac343d832eea124ce33.djqtsrsxkq.acm-validations.aws.",
                            "set_identifier": "",
                            "ttl": "300",
                            "type": "CNAME",
                            "zone_id": "Z07504443JVPXGFZGQJIF"
                        },
                        "meta": {
                            "schema_version": 2
                        },
                        "tainted": false
                    },
                    "deposed": [],
                    "provider": "provider.aws"
                },
                "aws_route53_record.tfer--Z07504443JVPXGFZGQJIF_jpheymann-002E-com-002E-_A_": {
                    "type": "aws_route53_record",
                    "depends_on": [],
                    "primary": {
                        "id": "Z07504443JVPXGFZGQJIF_jpheymann.com._A_",
                        "attributes": {
                            "alias.#": "1",
                            "alias.0.evaluate_target_health": "false",
                            "alias.0.name": "dda8gjfj4yfn9.cloudfront.net",
                            "alias.0.zone_id": "Z2FDTNDATAQYW2",
                            "fqdn": "jpheymann.com",
                            "health_check_id": "",
                            "id": "Z07504443JVPXGFZGQJIF_jpheymann.com._A_",
                            "multivalue_answer_routing_policy": "false",
                            "name": "jpheymann.com",
                            "records.#": "0",
                            "set_identifier": "",
                            "ttl": "0",
                            "type": "A",
                            "zone_id": "Z07504443JVPXGFZGQJIF"
                        },
                        "meta": {
                            "schema_version": 2
                        },
                        "tainted": false
                    },
                    "deposed": [],
                    "provider": "provider.aws"
                },
                "aws_route53_record.tfer--Z07504443JVPXGFZGQJIF_jpheymann-002E-com-002E-_NS_": {
                    "type": "aws_route53_record",
                    "depends_on": [],
                    "primary": {
                        "id": "Z07504443JVPXGFZGQJIF_jpheymann.com._NS_",
                        "attributes": {
                            "fqdn": "jpheymann.com",
                            "health_check_id": "",
                            "id": "Z07504443JVPXGFZGQJIF_jpheymann.com._NS_",
                            "multivalue_answer_routing_policy": "false",
                            "name": "jpheymann.com",
                            "records.#": "4",
                            "records.0": "ns-125.awsdns-15.com.",
                            "records.1": "ns-1341.awsdns-39.org.",
                            "records.2": "ns-1721.awsdns-23.co.uk.",
                            "records.3": "ns-810.awsdns-37.net.",
                            "set_identifier": "",
                            "ttl": "172800",
                            "type": "NS",
                            "zone_id": "Z07504443JVPXGFZGQJIF"
                        },
                        "meta": {
                            "schema_version": 2
                        },
                        "tainted": false
                    },
                    "deposed": [],
                    "provider": "provider.aws"
                },
                "aws_route53_record.tfer--Z07504443JVPXGFZGQJIF_jpheymann-002E-com-002E-_SOA_": {
                    "type": "aws_route53_record",
                    "depends_on": [],
                    "primary": {
                        "id": "Z07504443JVPXGFZGQJIF_jpheymann.com._SOA_",
                        "attributes": {
                            "fqdn": "jpheymann.com",
                            "health_check_id": "",
                            "id": "Z07504443JVPXGFZGQJIF_jpheymann.com._SOA_",
                            "multivalue_answer_routing_policy": "false",
                            "name": "jpheymann.com",
                            "records.#": "1",
                            "records.0": "ns-1341.awsdns-39.org. awsdns-hostmaster.amazon.com. 1 7200 900 1209600 86400",
                            "set_identifier": "",
                            "ttl": "900",
                            "type": "SOA",
                            "zone_id": "Z07504443JVPXGFZGQJIF"
                        },
                        "meta": {
                            "schema_version": 2
                        },
                        "tainted": false
                    },
                    "deposed": [],
                    "provider": "provider.aws"
                },
                "aws_route53_record.tfer--Z07504443JVPXGFZGQJIF_www-002E-jpheymann-002E-com-002E-_A_": {
                    "type": "aws_route53_record",
                    "depends_on": [],
                    "primary": {
                        "id": "Z07504443JVPXGFZGQJIF_www.jpheymann.com._A_",
                        "attributes": {
                            "alias.#": "1",
                            "alias.0.evaluate_target_health": "false",
                            "alias.0.name": "dda8gjfj4yfn9.cloudfront.net",
                            "alias.0.zone_id": "Z2FDTNDATAQYW2",
                            "fqdn": "www.jpheymann.com",
                            "health_check_id": "",
                            "id": "Z07504443JVPXGFZGQJIF_www.jpheymann.com._A_",
                            "multivalue_answer_routing_policy": "false",
                            "name": "www.jpheymann.com",
                            "records.#": "0",
                            "set_identifier": "",
                            "ttl": "0",
                            "type": "A",
                            "zone_id": "Z07504443JVPXGFZGQJIF"
                        },
                        "meta": {
                            "schema_version": 2
                        },
                        "tainted": false
                    },
                    "deposed": [],
                    "provider": "provider.aws"
                },
                "aws_route53_zone.tfer--Z07504443JVPXGFZGQJIF_jpheymann-002E-com": {
                    "type": "aws_route53_zone",
                    "depends_on": [],
                    "primary": {
                        "id": "Z07504443JVPXGFZGQJIF",
                        "attributes": {
                            "arn": "arn:aws:route53:::hostedzone/Z07504443JVPXGFZGQJIF",
                            "comment": "",
                            "delegation_set_id": "",
                            "force_destroy": "false",
                            "id": "Z07504443JVPXGFZGQJIF",
                            "name": "jpheymann.com",
                            "name_servers.#": "4",
                            "name_servers.0": "ns-125.awsdns-15.com",
                            "name_servers.1": "ns-1341.awsdns-39.org",
                            "name_servers.2": "ns-1721.awsdns-23.co.uk",
                            "name_servers.3": "ns-810.awsdns-37.net",
                            "primary_name_server": "ns-1341.awsdns-39.org",
                            "tags.%": "0",
                            "tags_all.%": "0",
                            "vpc.#": "0",
                            "zone_id": "Z07504443JVPXGFZGQJIF"
                        },
                        "meta": {
                            "schema_version": 0
                        },
                        "tainted": false
                    },
                    "deposed": [],
                    "provider": "provider.aws"
                }
            },
            "depends_on": []
        }
    ]
}
