{
    "version": 3,
    "terraform_version": "0.12.31",
    "serial": 1,
    "lineage": "0a4d08c8-3f89-8160-eed0-00c14167cd6b",
    "modules": [
        {
            "path": [
                "root"
            ],
            "outputs": {
                "aws_cloudfront_cache_policy_tfer--08627262-05a9-4f76-9ded-b50ca2e3a84f_id": {
                    "sensitive": false,
                    "type": "string",
                    "value": "08627262-05a9-4f76-9ded-b50ca2e3a84f"
                },
                "aws_cloudfront_cache_policy_tfer--1c6db51a-a33f-469a-8245-dae26771f530_id": {
                    "sensitive": false,
                    "type": "string",
                    "value": "1c6db51a-a33f-469a-8245-dae26771f530"
                },
                "aws_cloudfront_cache_policy_tfer--2e54312d-136d-493c-8eb9-b001f22f67d2_id": {
                    "sensitive": false,
                    "type": "string",
                    "value": "2e54312d-136d-493c-8eb9-b001f22f67d2"
                },
                "aws_cloudfront_cache_policy_tfer--4135ea2d-6df8-44a3-9df3-4b5a84be39ad_id": {
                    "sensitive": false,
                    "type": "string",
                    "value": "4135ea2d-6df8-44a3-9df3-4b5a84be39ad"
                },
                "aws_cloudfront_cache_policy_tfer--4cc15a8a-d715-48a4-82b8-cc0b614638fe_id": {
                    "sensitive": false,
                    "type": "string",
                    "value": "4cc15a8a-d715-48a4-82b8-cc0b614638fe"
                },
                "aws_cloudfront_cache_policy_tfer--4d1d2f1d-3a71-49ad-9e08-7ea5d843a556_id": {
                    "sensitive": false,
                    "type": "string",
                    "value": "4d1d2f1d-3a71-49ad-9e08-7ea5d843a556"
                },
                "aws_cloudfront_cache_policy_tfer--658327ea-f89d-4fab-a63d-7e88639e58f6_id": {
                    "sensitive": false,
                    "type": "string",
                    "value": "658327ea-f89d-4fab-a63d-7e88639e58f6"
                },
                "aws_cloudfront_cache_policy_tfer--7e5fad67-ee98-4ad0-b05a-394999eefc1a_id": {
                    "sensitive": false,
                    "type": "string",
                    "value": "7e5fad67-ee98-4ad0-b05a-394999eefc1a"
                },
                "aws_cloudfront_cache_policy_tfer--83da9c7e-98b4-4e11-a168-04f0df8e2c65_id": {
                    "sensitive": false,
                    "type": "string",
                    "value": "83da9c7e-98b4-4e11-a168-04f0df8e2c65"
                },
                "aws_cloudfront_cache_policy_tfer--a6bad946-36c3-4c33-aa98-362c74a7fb13_id": {
                    "sensitive": false,
                    "type": "string",
                    "value": "a6bad946-36c3-4c33-aa98-362c74a7fb13"
                },
                "aws_cloudfront_cache_policy_tfer--b2884449-e4de-46a7-ac36-70bc7f1ddd6d_id": {
                    "sensitive": false,
                    "type": "string",
                    "value": "b2884449-e4de-46a7-ac36-70bc7f1ddd6d"
                },
                "aws_cloudfront_distribution_tfer--E2QAT2VZ0RDLHY_id": {
                    "sensitive": false,
                    "type": "string",
                    "value": "E2QAT2VZ0RDLHY"
                }
            },
            "resources": {
                "aws_cloudfront_cache_policy.tfer--08627262-05a9-4f76-9ded-b50ca2e3a84f": {
                    "type": "aws_cloudfront_cache_policy",
                    "depends_on": [],
                    "primary": {
                        "id": "08627262-05a9-4f76-9ded-b50ca2e3a84f",
                        "attributes": {
                            "comment": "Policy for Elemental MediaPackage Origin",
                            "default_ttl": "86400",
                            "etag": "E23ZP02F085DFQ",
                            "id": "08627262-05a9-4f76-9ded-b50ca2e3a84f",
                            "max_ttl": "31536000",
                            "min_ttl": "0",
                            "name": "Managed-Elemental-MediaPackage",
                            "parameters_in_cache_key_and_forwarded_to_origin.#": "1",
                            "parameters_in_cache_key_and_forwarded_to_origin.0.cookies_config.#": "1",
                            "parameters_in_cache_key_and_forwarded_to_origin.0.cookies_config.0.cookie_behavior": "none",
                            "parameters_in_cache_key_and_forwarded_to_origin.0.cookies_config.0.cookies.#": "0",
                            "parameters_in_cache_key_and_forwarded_to_origin.0.enable_accept_encoding_brotli": "false",
                            "parameters_in_cache_key_and_forwarded_to_origin.0.enable_accept_encoding_gzip": "true",
                            "parameters_in_cache_key_and_forwarded_to_origin.0.headers_config.#": "1",
                            "parameters_in_cache_key_and_forwarded_to_origin.0.headers_config.0.header_behavior": "whitelist",
                            "parameters_in_cache_key_and_forwarded_to_origin.0.headers_config.0.headers.#": "1",
                            "parameters_in_cache_key_and_forwarded_to_origin.0.headers_config.0.headers.0.items.#": "1",
                            "parameters_in_cache_key_and_forwarded_to_origin.0.headers_config.0.headers.0.items.0": "origin",
                            "parameters_in_cache_key_and_forwarded_to_origin.0.query_strings_config.#": "1",
                            "parameters_in_cache_key_and_forwarded_to_origin.0.query_strings_config.0.query_string_behavior": "whitelist",
                            "parameters_in_cache_key_and_forwarded_to_origin.0.query_strings_config.0.query_strings.#": "1",
                            "parameters_in_cache_key_and_forwarded_to_origin.0.query_strings_config.0.query_strings.0.items.#": "4",
                            "parameters_in_cache_key_and_forwarded_to_origin.0.query_strings_config.0.query_strings.0.items.0": "aws.manifestfilter",
                            "parameters_in_cache_key_and_forwarded_to_origin.0.query_strings_config.0.query_strings.0.items.1": "end",
                            "parameters_in_cache_key_and_forwarded_to_origin.0.query_strings_config.0.query_strings.0.items.2": "m",
                            "parameters_in_cache_key_and_forwarded_to_origin.0.query_strings_config.0.query_strings.0.items.3": "start"
                        },
                        "meta": {
                            "schema_version": 0
                        },
                        "tainted": false
                    },
                    "deposed": [],
                    "provider": "provider.aws"
                },
                "aws_cloudfront_cache_policy.tfer--1c6db51a-a33f-469a-8245-dae26771f530": {
                    "type": "aws_cloudfront_cache_policy",
                    "depends_on": [],
                    "primary": {
                        "id": "1c6db51a-a33f-469a-8245-dae26771f530",
                        "attributes": {
                            "comment": "Amplify cache policy for image optimization",
                            "default_ttl": "0",
                            "etag": "E23ZP02F085DFQ",
                            "id": "1c6db51a-a33f-469a-8245-dae26771f530",
                            "max_ttl": "31536000",
                            "min_ttl": "0",
                            "name": "Managed-Amplify-ImageOptimization",
                            "parameters_in_cache_key_and_forwarded_to_origin.#": "1",
                            "parameters_in_cache_key_and_forwarded_to_origin.0.cookies_config.#": "1",
                            "parameters_in_cache_key_and_forwarded_to_origin.0.cookies_config.0.cookie_behavior": "none",
                            "parameters_in_cache_key_and_forwarded_to_origin.0.cookies_config.0.cookies.#": "0",
                            "parameters_in_cache_key_and_forwarded_to_origin.0.enable_accept_encoding_brotli": "true",
                            "parameters_in_cache_key_and_forwarded_to_origin.0.enable_accept_encoding_gzip": "true",
                            "parameters_in_cache_key_and_forwarded_to_origin.0.headers_config.#": "1",
                            "parameters_in_cache_key_and_forwarded_to_origin.0.headers_config.0.header_behavior": "whitelist",
                            "parameters_in_cache_key_and_forwarded_to_origin.0.headers_config.0.headers.#": "1",
                            "parameters_in_cache_key_and_forwarded_to_origin.0.headers_config.0.headers.0.items.#": "3",
                            "parameters_in_cache_key_and_forwarded_to_origin.0.headers_config.0.headers.0.items.0": "Accept",
                            "parameters_in_cache_key_and_forwarded_to_origin.0.headers_config.0.headers.0.items.1": "Authorization",
                            "parameters_in_cache_key_and_forwarded_to_origin.0.headers_config.0.headers.0.items.2": "Host",
                            "parameters_in_cache_key_and_forwarded_to_origin.0.query_strings_config.#": "1",
                            "parameters_in_cache_key_and_forwarded_to_origin.0.query_strings_config.0.query_string_behavior": "all",
                            "parameters_in_cache_key_and_forwarded_to_origin.0.query_strings_config.0.query_strings.#": "0"
                        },
                        "meta": {
                            "schema_version": 0
                        },
                        "tainted": false
                    },
                    "deposed": [],
                    "provider": "provider.aws"
                },
                "aws_cloudfront_cache_policy.tfer--2e54312d-136d-493c-8eb9-b001f22f67d2": {
                    "type": "aws_cloudfront_cache_policy",
                    "depends_on": [],
                    "primary": {
                        "id": "2e54312d-136d-493c-8eb9-b001f22f67d2",
                        "attributes": {
                            "comment": "Policy for Amplify Origin",
                            "default_ttl": "2",
                            "etag": "E23ZP02F085DFQ",
                            "id": "2e54312d-136d-493c-8eb9-b001f22f67d2",
                            "max_ttl": "600",
                            "min_ttl": "2",
                            "name": "Managed-Amplify",
                            "parameters_in_cache_key_and_forwarded_to_origin.#": "1",
                            "parameters_in_cache_key_and_forwarded_to_origin.0.cookies_config.#": "1",
                            "parameters_in_cache_key_and_forwarded_to_origin.0.cookies_config.0.cookie_behavior": "all",
                            "parameters_in_cache_key_and_forwarded_to_origin.0.cookies_config.0.cookies.#": "0",
                            "parameters_in_cache_key_and_forwarded_to_origin.0.enable_accept_encoding_brotli": "true",
                            "parameters_in_cache_key_and_forwarded_to_origin.0.enable_accept_encoding_gzip": "true",
                            "parameters_in_cache_key_and_forwarded_to_origin.0.headers_config.#": "1",
                            "parameters_in_cache_key_and_forwarded_to_origin.0.headers_config.0.header_behavior": "whitelist",
                            "parameters_in_cache_key_and_forwarded_to_origin.0.headers_config.0.headers.#": "1",
                            "parameters_in_cache_key_and_forwarded_to_origin.0.headers_config.0.headers.0.items.#": "3",
                            "parameters_in_cache_key_and_forwarded_to_origin.0.headers_config.0.headers.0.items.0": "Authorization",
                            "parameters_in_cache_key_and_forwarded_to_origin.0.headers_config.0.headers.0.items.1": "CloudFront-Viewer-Country",
                            "parameters_in_cache_key_and_forwarded_to_origin.0.headers_config.0.headers.0.items.2": "Host",
                            "parameters_in_cache_key_and_forwarded_to_origin.0.query_strings_config.#": "1",
                            "parameters_in_cache_key_and_forwarded_to_origin.0.query_strings_config.0.query_string_behavior": "all",
                            "parameters_in_cache_key_and_forwarded_to_origin.0.query_strings_config.0.query_strings.#": "0"
                        },
                        "meta": {
                            "schema_version": 0
                        },
                        "tainted": false
                    },
                    "deposed": [],
                    "provider": "provider.aws"
                },
                "aws_cloudfront_cache_policy.tfer--4135ea2d-6df8-44a3-9df3-4b5a84be39ad": {
                    "type": "aws_cloudfront_cache_policy",
                    "depends_on": [],
                    "primary": {
                        "id": "4135ea2d-6df8-44a3-9df3-4b5a84be39ad",
                        "attributes": {
                            "comment": "Policy with caching disabled",
                            "default_ttl": "0",
                            "etag": "E23ZP02F085DFQ",
                            "id": "4135ea2d-6df8-44a3-9df3-4b5a84be39ad",
                            "max_ttl": "0",
                            "min_ttl": "0",
                            "name": "Managed-CachingDisabled",
                            "parameters_in_cache_key_and_forwarded_to_origin.#": "1",
                            "parameters_in_cache_key_and_forwarded_to_origin.0.cookies_config.#": "1",
                            "parameters_in_cache_key_and_forwarded_to_origin.0.cookies_config.0.cookie_behavior": "none",
                            "parameters_in_cache_key_and_forwarded_to_origin.0.cookies_config.0.cookies.#": "0",
                            "parameters_in_cache_key_and_forwarded_to_origin.0.enable_accept_encoding_brotli": "false",
                            "parameters_in_cache_key_and_forwarded_to_origin.0.enable_accept_encoding_gzip": "false",
                            "parameters_in_cache_key_and_forwarded_to_origin.0.headers_config.#": "1",
                            "parameters_in_cache_key_and_forwarded_to_origin.0.headers_config.0.header_behavior": "none",
                            "parameters_in_cache_key_and_forwarded_to_origin.0.headers_config.0.headers.#": "0",
                            "parameters_in_cache_key_and_forwarded_to_origin.0.query_strings_config.#": "1",
                            "parameters_in_cache_key_and_forwarded_to_origin.0.query_strings_config.0.query_string_behavior": "none",
                            "parameters_in_cache_key_and_forwarded_to_origin.0.query_strings_config.0.query_strings.#": "0"
                        },
                        "meta": {
                            "schema_version": 0
                        },
                        "tainted": false
                    },
                    "deposed": [],
                    "provider": "provider.aws"
                },
                "aws_cloudfront_cache_policy.tfer--4cc15a8a-d715-48a4-82b8-cc0b614638fe": {
                    "type": "aws_cloudfront_cache_policy",
                    "depends_on": [],
                    "primary": {
                        "id": "4cc15a8a-d715-48a4-82b8-cc0b614638fe",
                        "attributes": {
                            "comment": "Policy for origins that return Cache-Control headers and serve different content based on values present in the query string.",
                            "default_ttl": "0",
                            "etag": "E23ZP02F085DFQ",
                            "id": "4cc15a8a-d715-48a4-82b8-cc0b614638fe",
                            "max_ttl": "31536000",
                            "min_ttl": "0",
                            "name": "UseOriginCacheControlHeaders-QueryStrings",
                            "parameters_in_cache_key_and_forwarded_to_origin.#": "1",
                            "parameters_in_cache_key_and_forwarded_to_origin.0.cookies_config.#": "1",
                            "parameters_in_cache_key_and_forwarded_to_origin.0.cookies_config.0.cookie_behavior": "all",
                            "parameters_in_cache_key_and_forwarded_to_origin.0.cookies_config.0.cookies.#": "0",
                            "parameters_in_cache_key_and_forwarded_to_origin.0.enable_accept_encoding_brotli": "true",
                            "parameters_in_cache_key_and_forwarded_to_origin.0.enable_accept_encoding_gzip": "true",
                            "parameters_in_cache_key_and_forwarded_to_origin.0.headers_config.#": "1",
                            "parameters_in_cache_key_and_forwarded_to_origin.0.headers_config.0.header_behavior": "whitelist",
                            "parameters_in_cache_key_and_forwarded_to_origin.0.headers_config.0.headers.#": "1",
                            "parameters_in_cache_key_and_forwarded_to_origin.0.headers_config.0.headers.0.items.#": "5",
                            "parameters_in_cache_key_and_forwarded_to_origin.0.headers_config.0.headers.0.items.0": "host",
                            "parameters_in_cache_key_and_forwarded_to_origin.0.headers_config.0.headers.0.items.1": "origin",
                            "parameters_in_cache_key_and_forwarded_to_origin.0.headers_config.0.headers.0.items.2": "x-http-method",
                            "parameters_in_cache_key_and_forwarded_to_origin.0.headers_config.0.headers.0.items.3": "x-http-method-override",
                            "parameters_in_cache_key_and_forwarded_to_origin.0.headers_config.0.headers.0.items.4": "x-method-override",
                            "parameters_in_cache_key_and_forwarded_to_origin.0.query_strings_config.#": "1",
                            "parameters_in_cache_key_and_forwarded_to_origin.0.query_strings_config.0.query_string_behavior": "all",
                            "parameters_in_cache_key_and_forwarded_to_origin.0.query_strings_config.0.query_strings.#": "0"
                        },
                        "meta": {
                            "schema_version": 0
                        },
                        "tainted": false
                    },
                    "deposed": [],
                    "provider": "provider.aws"
                },
                "aws_cloudfront_cache_policy.tfer--4d1d2f1d-3a71-49ad-9e08-7ea5d843a556": {
                    "type": "aws_cloudfront_cache_policy",
                    "depends_on": [],
                    "primary": {
                        "id": "4d1d2f1d-3a71-49ad-9e08-7ea5d843a556",
                        "attributes": {
                            "comment": "Default Amplify cache policy",
                            "default_ttl": "0",
                            "etag": "E23ZP02F085DFQ",
                            "id": "4d1d2f1d-3a71-49ad-9e08-7ea5d843a556",
                            "max_ttl": "31536000",
                            "min_ttl": "0",
                            "name": "Managed-Amplify-Default",
                            "parameters_in_cache_key_and_forwarded_to_origin.#": "1",
                            "parameters_in_cache_key_and_forwarded_to_origin.0.cookies_config.#": "1",
                            "parameters_in_cache_key_and_forwarded_to_origin.0.cookies_config.0.cookie_behavior": "all",
                            "parameters_in_cache_key_and_forwarded_to_origin.0.cookies_config.0.cookies.#": "0",
                            "parameters_in_cache_key_and_forwarded_to_origin.0.enable_accept_encoding_brotli": "true",
                            "parameters_in_cache_key_and_forwarded_to_origin.0.enable_accept_encoding_gzip": "true",
                            "parameters_in_cache_key_and_forwarded_to_origin.0.headers_config.#": "1",
                            "parameters_in_cache_key_and_forwarded_to_origin.0.headers_config.0.header_behavior": "whitelist",
                            "parameters_in_cache_key_and_forwarded_to_origin.0.headers_config.0.headers.#": "1",
                            "parameters_in_cache_key_and_forwarded_to_origin.0.headers_config.0.headers.0.items.#": "4",
                            "parameters_in_cache_key_and_forwarded_to_origin.0.headers_config.0.headers.0.items.0": "Accept",
                            "parameters_in_cache_key_and_forwarded_to_origin.0.headers_config.0.headers.0.items.1": "Authorization",
                            "parameters_in_cache_key_and_forwarded_to_origin.0.headers_config.0.headers.0.items.2": "CloudFront-Viewer-Country",
                            "parameters_in_cache_key_and_forwarded_to_origin.0.headers_config.0.headers.0.items.3": "Host",
                            "parameters_in_cache_key_and_forwarded_to_origin.0.query_strings_config.#": "1",
                            "parameters_in_cache_key_and_forwarded_to_origin.0.query_strings_config.0.query_string_behavior": "all",
                            "parameters_in_cache_key_and_forwarded_to_origin.0.query_strings_config.0.query_strings.#": "0"
                        },
                        "meta": {
                            "schema_version": 0
                        },
                        "tainted": false
                    },
                    "deposed": [],
                    "provider": "provider.aws"
                },
                "aws_cloudfront_cache_policy.tfer--658327ea-f89d-4fab-a63d-7e88639e58f6": {
                    "type": "aws_cloudfront_cache_policy",
                    "depends_on": [],
                    "primary": {
                        "id": "658327ea-f89d-4fab-a63d-7e88639e58f6",
                        "attributes": {
                            "comment": "Policy with caching enabled. Supports Gzip and Brotli compression.",
                            "default_ttl": "86400",
                            "etag": "E23ZP02F085DFQ",
                            "id": "658327ea-f89d-4fab-a63d-7e88639e58f6",
                            "max_ttl": "31536000",
                            "min_ttl": "1",
                            "name": "Managed-CachingOptimized",
                            "parameters_in_cache_key_and_forwarded_to_origin.#": "1",
                            "parameters_in_cache_key_and_forwarded_to_origin.0.cookies_config.#": "1",
                            "parameters_in_cache_key_and_forwarded_to_origin.0.cookies_config.0.cookie_behavior": "none",
                            "parameters_in_cache_key_and_forwarded_to_origin.0.cookies_config.0.cookies.#": "0",
                            "parameters_in_cache_key_and_forwarded_to_origin.0.enable_accept_encoding_brotli": "true",
                            "parameters_in_cache_key_and_forwarded_to_origin.0.enable_accept_encoding_gzip": "true",
                            "parameters_in_cache_key_and_forwarded_to_origin.0.headers_config.#": "1",
                            "parameters_in_cache_key_and_forwarded_to_origin.0.headers_config.0.header_behavior": "none",
                            "parameters_in_cache_key_and_forwarded_to_origin.0.headers_config.0.headers.#": "0",
                            "parameters_in_cache_key_and_forwarded_to_origin.0.query_strings_config.#": "1",
                            "parameters_in_cache_key_and_forwarded_to_origin.0.query_strings_config.0.query_string_behavior": "none",
                            "parameters_in_cache_key_and_forwarded_to_origin.0.query_strings_config.0.query_strings.#": "0"
                        },
                        "meta": {
                            "schema_version": 0
                        },
                        "tainted": false
                    },
                    "deposed": [],
                    "provider": "provider.aws"
                },
                "aws_cloudfront_cache_policy.tfer--7e5fad67-ee98-4ad0-b05a-394999eefc1a": {
                    "type": "aws_cloudfront_cache_policy",
                    "depends_on": [],
                    "primary": {
                        "id": "7e5fad67-ee98-4ad0-b05a-394999eefc1a",
                        "attributes": {
                            "comment": "Amplify cache policy for static content",
                            "default_ttl": "0",
                            "etag": "E23ZP02F085DFQ",
                            "id": "7e5fad67-ee98-4ad0-b05a-394999eefc1a",
                            "max_ttl": "31536000",
                            "min_ttl": "0",
                            "name": "Managed-Amplify-StaticContent",
                            "parameters_in_cache_key_and_forwarded_to_origin.#": "1",
                            "parameters_in_cache_key_and_forwarded_to_origin.0.cookies_config.#": "1",
                            "parameters_in_cache_key_and_forwarded_to_origin.0.cookies_config.0.cookie_behavior": "none",
                            "parameters_in_cache_key_and_forwarded_to_origin.0.cookies_config.0.cookies.#": "0",
                            "parameters_in_cache_key_and_forwarded_to_origin.0.enable_accept_encoding_brotli": "true",
                            "parameters_in_cache_key_and_forwarded_to_origin.0.enable_accept_encoding_gzip": "true",
                            "parameters_in_cache_key_and_forwarded_to_origin.0.headers_config.#": "1",
                            "parameters_in_cache_key_and_forwarded_to_origin.0.headers_config.0.header_behavior": "whitelist",
                            "parameters_in_cache_key_and_forwarded_to_origin.0.headers_config.0.headers.#": "1",
                            "parameters_in_cache_key_and_forwarded_to_origin.0.headers_config.0.headers.0.items.#": "2",
                            "parameters_in_cache_key_and_forwarded_to_origin.0.headers_config.0.headers.0.items.0": "Authorization",
                            "parameters_in_cache_key_and_forwarded_to_origin.0.headers_config.0.headers.0.items.1": "Host",
                            "parameters_in_cache_key_and_forwarded_to_origin.0.query_strings_config.#": "1",
                            "parameters_in_cache_key_and_forwarded_to_origin.0.query_strings_config.0.query_string_behavior": "none",
                            "parameters_in_cache_key_and_forwarded_to_origin.0.query_strings_config.0.query_strings.#": "0"
                        },
                        "meta": {
                            "schema_version": 0
                        },
                        "tainted": false
                    },
                    "deposed": [],
                    "provider": "provider.aws"
                },
                "aws_cloudfront_cache_policy.tfer--83da9c7e-98b4-4e11-a168-04f0df8e2c65": {
                    "type": "aws_cloudfront_cache_policy",
                    "depends_on": [],
                    "primary": {
                        "id": "83da9c7e-98b4-4e11-a168-04f0df8e2c65",
                        "attributes": {
                            "comment": "Policy for origins that return Cache-Control headers. Query strings are not included in the cache key.",
                            "default_ttl": "0",
                            "etag": "E23ZP02F085DFQ",
                            "id": "83da9c7e-98b4-4e11-a168-04f0df8e2c65",
                            "max_ttl": "31536000",
                            "min_ttl": "0",
                            "name": "UseOriginCacheControlHeaders",
                            "parameters_in_cache_key_and_forwarded_to_origin.#": "1",
                            "parameters_in_cache_key_and_forwarded_to_origin.0.cookies_config.#": "1",
                            "parameters_in_cache_key_and_forwarded_to_origin.0.cookies_config.0.cookie_behavior": "all",
                            "parameters_in_cache_key_and_forwarded_to_origin.0.cookies_config.0.cookies.#": "0",
                            "parameters_in_cache_key_and_forwarded_to_origin.0.enable_accept_encoding_brotli": "true",
                            "parameters_in_cache_key_and_forwarded_to_origin.0.enable_accept_encoding_gzip": "true",
                            "parameters_in_cache_key_and_forwarded_to_origin.0.headers_config.#": "1",
                            "parameters_in_cache_key_and_forwarded_to_origin.0.headers_config.0.header_behavior": "whitelist",
                            "parameters_in_cache_key_and_forwarded_to_origin.0.headers_config.0.headers.#": "1",
                            "parameters_in_cache_key_and_forwarded_to_origin.0.headers_config.0.headers.0.items.#": "5",
                            "parameters_in_cache_key_and_forwarded_to_origin.0.headers_config.0.headers.0.items.0": "host",
                            "parameters_in_cache_key_and_forwarded_to_origin.0.headers_config.0.headers.0.items.1": "origin",
                            "parameters_in_cache_key_and_forwarded_to_origin.0.headers_config.0.headers.0.items.2": "x-http-method",
                            "parameters_in_cache_key_and_forwarded_to_origin.0.headers_config.0.headers.0.items.3": "x-http-method-override",
                            "parameters_in_cache_key_and_forwarded_to_origin.0.headers_config.0.headers.0.items.4": "x-method-override",
                            "parameters_in_cache_key_and_forwarded_to_origin.0.query_strings_config.#": "1",
                            "parameters_in_cache_key_and_forwarded_to_origin.0.query_strings_config.0.query_string_behavior": "none",
                            "parameters_in_cache_key_and_forwarded_to_origin.0.query_strings_config.0.query_strings.#": "0"
                        },
                        "meta": {
                            "schema_version": 0
                        },
                        "tainted": false
                    },
                    "deposed": [],
                    "provider": "provider.aws"
                },
                "aws_cloudfront_cache_policy.tfer--a6bad946-36c3-4c33-aa98-362c74a7fb13": {
                    "type": "aws_cloudfront_cache_policy",
                    "depends_on": [],
                    "primary": {
                        "id": "a6bad946-36c3-4c33-aa98-362c74a7fb13",
                        "attributes": {
                            "comment": "Default Amplify cache policy without cookies",
                            "default_ttl": "0",
                            "etag": "E23ZP02F085DFQ",
                            "id": "a6bad946-36c3-4c33-aa98-362c74a7fb13",
                            "max_ttl": "31536000",
                            "min_ttl": "0",
                            "name": "Managed-Amplify-DefaultNoCookies",
                            "parameters_in_cache_key_and_forwarded_to_origin.#": "1",
                            "parameters_in_cache_key_and_forwarded_to_origin.0.cookies_config.#": "1",
                            "parameters_in_cache_key_and_forwarded_to_origin.0.cookies_config.0.cookie_behavior": "none",
                            "parameters_in_cache_key_and_forwarded_to_origin.0.cookies_config.0.cookies.#": "0",
                            "parameters_in_cache_key_and_forwarded_to_origin.0.enable_accept_encoding_brotli": "true",
                            "parameters_in_cache_key_and_forwarded_to_origin.0.enable_accept_encoding_gzip": "true",
                            "parameters_in_cache_key_and_forwarded_to_origin.0.headers_config.#": "1",
                            "parameters_in_cache_key_and_forwarded_to_origin.0.headers_config.0.header_behavior": "whitelist",
                            "parameters_in_cache_key_and_forwarded_to_origin.0.headers_config.0.headers.#": "1",
                            "parameters_in_cache_key_and_forwarded_to_origin.0.headers_config.0.headers.0.items.#": "4",
                            "parameters_in_cache_key_and_forwarded_to_origin.0.headers_config.0.headers.0.items.0": "Accept",
                            "parameters_in_cache_key_and_forwarded_to_origin.0.headers_config.0.headers.0.items.1": "Authorization",
                            "parameters_in_cache_key_and_forwarded_to_origin.0.headers_config.0.headers.0.items.2": "CloudFront-Viewer-Country",
                            "parameters_in_cache_key_and_forwarded_to_origin.0.headers_config.0.headers.0.items.3": "Host",
                            "parameters_in_cache_key_and_forwarded_to_origin.0.query_strings_config.#": "1",
                            "parameters_in_cache_key_and_forwarded_to_origin.0.query_strings_config.0.query_string_behavior": "all",
                            "parameters_in_cache_key_and_forwarded_to_origin.0.query_strings_config.0.query_strings.#": "0"
                        },
                        "meta": {
                            "schema_version": 0
                        },
                        "tainted": false
                    },
                    "deposed": [],
                    "provider": "provider.aws"
                },
                "aws_cloudfront_cache_policy.tfer--b2884449-e4de-46a7-ac36-70bc7f1ddd6d": {
                    "type": "aws_cloudfront_cache_policy",
                    "depends_on": [],
                    "primary": {
                        "id": "b2884449-e4de-46a7-ac36-70bc7f1ddd6d",
                        "attributes": {
                            "comment": "Default policy when compression is disabled",
                            "default_ttl": "86400",
                            "etag": "E23ZP02F085DFQ",
                            "id": "b2884449-e4de-46a7-ac36-70bc7f1ddd6d",
                            "max_ttl": "31536000",
                            "min_ttl": "1",
                            "name": "Managed-CachingOptimizedForUncompressedObjects",
                            "parameters_in_cache_key_and_forwarded_to_origin.#": "1",
                            "parameters_in_cache_key_and_forwarded_to_origin.0.cookies_config.#": "1",
                            "parameters_in_cache_key_and_forwarded_to_origin.0.cookies_config.0.cookie_behavior": "none",
                            "parameters_in_cache_key_and_forwarded_to_origin.0.cookies_config.0.cookies.#": "0",
                            "parameters_in_cache_key_and_forwarded_to_origin.0.enable_accept_encoding_brotli": "false",
                            "parameters_in_cache_key_and_forwarded_to_origin.0.enable_accept_encoding_gzip": "false",
                            "parameters_in_cache_key_and_forwarded_to_origin.0.headers_config.#": "1",
                            "parameters_in_cache_key_and_forwarded_to_origin.0.headers_config.0.header_behavior": "none",
                            "parameters_in_cache_key_and_forwarded_to_origin.0.headers_config.0.headers.#": "0",
                            "parameters_in_cache_key_and_forwarded_to_origin.0.query_strings_config.#": "1",
                            "parameters_in_cache_key_and_forwarded_to_origin.0.query_strings_config.0.query_string_behavior": "none",
                            "parameters_in_cache_key_and_forwarded_to_origin.0.query_strings_config.0.query_strings.#": "0"
                        },
                        "meta": {
                            "schema_version": 0
                        },
                        "tainted": false
                    },
                    "deposed": [],
                    "provider": "provider.aws"
                },
                "aws_cloudfront_distribution.tfer--E2QAT2VZ0RDLHY": {
                    "type": "aws_cloudfront_distribution",
                    "depends_on": [],
                    "primary": {
                        "id": "E2QAT2VZ0RDLHY",
                        "attributes": {
                            "aliases.#": "2",
                            "aliases.0": "jpheymann.com",
                            "aliases.1": "www.jpheymann.com",
                            "arn": "arn:aws:cloudfront::329599633980:distribution/E2QAT2VZ0RDLHY",
                            "caller_reference": "697802cf-8578-4f21-9dc1-efbb9004c37a",
                            "custom_error_response.#": "0",
                            "default_cache_behavior.#": "1",
                            "default_cache_behavior.0.allowed_methods.#": "2",
                            "default_cache_behavior.0.allowed_methods.0": "GET",
                            "default_cache_behavior.0.allowed_methods.1": "HEAD",
                            "default_cache_behavior.0.cache_policy_id": "658327ea-f89d-4fab-a63d-7e88639e58f6",
                            "default_cache_behavior.0.cached_methods.#": "2",
                            "default_cache_behavior.0.cached_methods.0": "GET",
                            "default_cache_behavior.0.cached_methods.1": "HEAD",
                            "default_cache_behavior.0.compress": "true",
                            "default_cache_behavior.0.default_ttl": "0",
                            "default_cache_behavior.0.field_level_encryption_id": "",
                            "default_cache_behavior.0.forwarded_values.#": "0",
                            "default_cache_behavior.0.function_association.#": "0",
                            "default_cache_behavior.0.lambda_function_association.#": "0",
                            "default_cache_behavior.0.max_ttl": "0",
                            "default_cache_behavior.0.min_ttl": "0",
                            "default_cache_behavior.0.origin_request_policy_id": "",
                            "default_cache_behavior.0.realtime_log_config_arn": "",
                            "default_cache_behavior.0.response_headers_policy_id": "",
                            "default_cache_behavior.0.smooth_streaming": "false",
                            "default_cache_behavior.0.target_origin_id": "jpheymannweb.s3.us-east-1.amazonaws.com",
                            "default_cache_behavior.0.trusted_key_groups.#": "0",
                            "default_cache_behavior.0.trusted_signers.#": "0",
                            "default_cache_behavior.0.viewer_protocol_policy": "redirect-to-https",
                            "default_root_object": "index.html",
                            "domain_name": "dda8gjfj4yfn9.cloudfront.net",
                            "enabled": "true",
                            "etag": "ECTUIK37RHXPS",
                            "hosted_zone_id": "Z2FDTNDATAQYW2",
                            "http_version": "http2",
                            "id": "E2QAT2VZ0RDLHY",
                            "in_progress_validation_batches": "0",
                            "is_ipv6_enabled": "true",
                            "last_modified_time": "2024-09-26 06:28:54.458 +0000 UTC",
                            "logging_config.#": "0",
                            "ordered_cache_behavior.#": "0",
                            "origin.#": "1",
                            "origin.0.connection_attempts": "3",
                            "origin.0.connection_timeout": "10",
                            "origin.0.custom_header.#": "0",
                            "origin.0.custom_origin_config.#": "0",
                            "origin.0.domain_name": "jpheymannweb.s3.us-east-1.amazonaws.com",
                            "origin.0.origin_access_control_id": "E35V8H99TSW38W",
                            "origin.0.origin_id": "jpheymannweb.s3.us-east-1.amazonaws.com",
                            "origin.0.origin_path": "",
                            "origin.0.origin_shield.#": "0",
                            "origin.0.s3_origin_config.#": "0",
                            "price_class": "PriceClass_All",
                            "restrictions.#": "1",
                            "restrictions.0.geo_restriction.#": "1",
                            "restrictions.0.geo_restriction.0.locations.#": "0",
                            "restrictions.0.geo_restriction.0.restriction_type": "none",
                            "retain_on_delete": "false",
                            "status": "Deployed",
                            "tags.%": "0",
                            "tags_all.%": "0",
                            "trusted_key_groups.#": "1",
                            "trusted_key_groups.0.enabled": "false",
                            "trusted_key_groups.0.items.#": "0",
                            "trusted_signers.#": "1",
                            "trusted_signers.0.enabled": "false",
                            "trusted_signers.0.items.#": "0",
                            "viewer_certificate.#": "1",
                            "viewer_certificate.0.acm_certificate_arn": "arn:aws:acm:us-east-1:329599633980:certificate/149278b9-28cf-44a2-9657-90344766365c",
                            "viewer_certificate.0.cloudfront_default_certificate": "false",
                            "viewer_certificate.0.iam_certificate_id": "",
                            "viewer_certificate.0.minimum_protocol_version": "TLSv1.2_2021",
                            "viewer_certificate.0.ssl_support_method": "sni-only",
                            "web_acl_id": ""
                        },
                        "meta": {
                            "schema_version": 1
                        },
                        "tainted": false
                    },
                    "deposed": [],
                    "provider": "provider.aws"
                }
            },
            "depends_on": []
        }
    ]
}
